
Microsoft Visual Studio Solution File, Format Version 12.00
# Visual Studio Version 17
VisualStudioVersion = 17.8.34511.84
MinimumVisualStudioVersion = 10.0.40219.1
Project("{FAE04EC0-301F-11D3-BF4B-00C04F79EFBC}") = "WebApplication1", "WebApplication1\WebApplication1.csproj", "{69ED526B-F264-48B8-898C-9D84CF0F3EEC}"
EndProject
Global
	GlobalSection(SolutionConfigurationPlatforms) = preSolution
		Debug|Any CPU = Debug|Any CPU
		Release|Any CPU = Release|Any CPU
	EndGlobalSection
	GlobalSection(ProjectConfigurationPlatforms) = postSolution
		{69ED526B-F264-48B8-898C-9D84CF0F3EEC}.Debug|Any CPU.ActiveCfg = Debug|Any CPU
		{69ED526B-F264-48B8-898C-9D84CF0F3EEC}.Debug|Any CPU.Build.0 = Debug|Any CPU
		{69ED526B-F264-48B8-898C-9D84CF0F3EEC}.Release|Any CPU.ActiveCfg = Release|Any CPU
		{69ED526B-F264-48B8-898C-9D84CF0F3EEC}.Release|Any CPU.Build.0 = Release|Any CPU
	EndGlobalSection
	GlobalSection(SolutionProperties) = preSolution
		HideSolutionNode = FALSE
	EndGlobalSection
	GlobalSection(ExtensibilityGlobals) = postSolution
		SolutionGuid = {C886852A-3038-4864-AC43-086AE7215A2C}
	EndGlobalSection
EndGlobal
