
Microsoft Visual Studio Solution File, Format Version 12.00
# Visual Studio Version 17
VisualStudioVersion = 17.6.33815.320
MinimumVisualStudioVersion = 10.0.40219.1
Project("{FAE04EC0-301F-11D3-BF4B-00C04F79EFBC}") = "Lesson12", "Lesson12\Lesson12.csproj", "{2671FB25-85D8-43F6-B2DB-55FFF9D51BE5}"
EndProject
Global
	GlobalSection(SolutionConfigurationPlatforms) = preSolution
		Debug|Any CPU = Debug|Any CPU
		Release|Any CPU = Release|Any CPU
	EndGlobalSection
	GlobalSection(ProjectConfigurationPlatforms) = postSolution
		{2671FB25-85D8-43F6-B2DB-55FFF9D51BE5}.Debug|Any CPU.ActiveCfg = Debug|Any CPU
		{2671FB25-85D8-43F6-B2DB-55FFF9D51BE5}.Debug|Any CPU.Build.0 = Debug|Any CPU
		{2671FB25-85D8-43F6-B2DB-55FFF9D51BE5}.Release|Any CPU.ActiveCfg = Release|Any CPU
		{2671FB25-85D8-43F6-B2DB-55FFF9D51BE5}.Release|Any CPU.Build.0 = Release|Any CPU
	EndGlobalSection
	GlobalSection(SolutionProperties) = preSolution
		HideSolutionNode = FALSE
	EndGlobalSection
	GlobalSection(ExtensibilityGlobals) = postSolution
		SolutionGuid = {C1D4ACE2-C024-45F7-B332-8E151B166623}
	EndGlobalSection
EndGlobal
