
Microsoft Visual Studio Solution File, Format Version 12.00
# Visual Studio Version 17
VisualStudioVersion = 17.8.34511.84
MinimumVisualStudioVersion = 10.0.40219.1
Project("{FAE04EC0-301F-11D3-BF4B-00C04F79EFBC}") = "TodoWebService", "TodoWebService\TodoWebService.csproj", "{7D555259-94CB-4804-BC3D-C548A497EA17}"
EndProject
Global
	GlobalSection(SolutionConfigurationPlatforms) = preSolution
		Debug|Any CPU = Debug|Any CPU
		Release|Any CPU = Release|Any CPU
	EndGlobalSection
	GlobalSection(ProjectConfigurationPlatforms) = postSolution
		{7D555259-94CB-4804-BC3D-C548A497EA17}.Debug|Any CPU.ActiveCfg = Debug|Any CPU
		{7D555259-94CB-4804-BC3D-C548A497EA17}.Debug|Any CPU.Build.0 = Debug|Any CPU
		{7D555259-94CB-4804-BC3D-C548A497EA17}.Release|Any CPU.ActiveCfg = Release|Any CPU
		{7D555259-94CB-4804-BC3D-C548A497EA17}.Release|Any CPU.Build.0 = Release|Any CPU
	EndGlobalSection
	GlobalSection(SolutionProperties) = preSolution
		HideSolutionNode = FALSE
	EndGlobalSection
	GlobalSection(ExtensibilityGlobals) = postSolution
		SolutionGuid = {CC6EA3D8-51FA-49B4-812B-945D83964992}
	EndGlobalSection
EndGlobal
