
Microsoft Visual Studio Solution File, Format Version 12.00
# Visual Studio Version 17
VisualStudioVersion = 17.6.33815.320
MinimumVisualStudioVersion = 10.0.40219.1
Project("{FAE04EC0-301F-11D3-BF4B-00C04F79EFBC}") = "MyFirstApi", "MyFirstApi\MyFirstApi.csproj", "{BE0485E6-B962-4044-B043-F154F6927A53}"
EndProject
Global
	GlobalSection(SolutionConfigurationPlatforms) = preSolution
		Debug|Any CPU = Debug|Any CPU
		Release|Any CPU = Release|Any CPU
	EndGlobalSection
	GlobalSection(ProjectConfigurationPlatforms) = postSolution
		{BE0485E6-B962-4044-B043-F154F6927A53}.Debug|Any CPU.ActiveCfg = Debug|Any CPU
		{BE0485E6-B962-4044-B043-F154F6927A53}.Debug|Any CPU.Build.0 = Debug|Any CPU
		{BE0485E6-B962-4044-B043-F154F6927A53}.Release|Any CPU.ActiveCfg = Release|Any CPU
		{BE0485E6-B962-4044-B043-F154F6927A53}.Release|Any CPU.Build.0 = Release|Any CPU
	EndGlobalSection
	GlobalSection(SolutionProperties) = preSolution
		HideSolutionNode = FALSE
	EndGlobalSection
	GlobalSection(ExtensibilityGlobals) = postSolution
		SolutionGuid = {C6A26D46-83CD-4B86-8BE0-A0D54E5A8E31}
	EndGlobalSection
EndGlobal
