
Microsoft Visual Studio Solution File, Format Version 12.00
# Visual Studio Version 17
VisualStudioVersion = 17.8.34511.84
MinimumVisualStudioVersion = 10.0.40219.1
Project("{FAE04EC0-301F-11D3-BF4B-00C04F79EFBC}") = "MessageBrokerPublisher", "MessageBrokerPublisher\MessageBrokerPublisher.csproj", "{D54BE066-D6D8-47FC-AAE9-945249FEFC50}"
EndProject
Project("{FAE04EC0-301F-11D3-BF4B-00C04F79EFBC}") = "MessageBrokerConsumer", "MessageBrokerConsumer\MessageBrokerConsumer.csproj", "{90BB719C-3FF2-4FD4-8481-24F3E9D6DAA3}"
EndProject
Global
	GlobalSection(SolutionConfigurationPlatforms) = preSolution
		Debug|Any CPU = Debug|Any CPU
		Release|Any CPU = Release|Any CPU
	EndGlobalSection
	GlobalSection(ProjectConfigurationPlatforms) = postSolution
		{D54BE066-D6D8-47FC-AAE9-945249FEFC50}.Debug|Any CPU.ActiveCfg = Debug|Any CPU
		{D54BE066-D6D8-47FC-AAE9-945249FEFC50}.Debug|Any CPU.Build.0 = Debug|Any CPU
		{D54BE066-D6D8-47FC-AAE9-945249FEFC50}.Release|Any CPU.ActiveCfg = Release|Any CPU
		{D54BE066-D6D8-47FC-AAE9-945249FEFC50}.Release|Any CPU.Build.0 = Release|Any CPU
		{90BB719C-3FF2-4FD4-8481-24F3E9D6DAA3}.Debug|Any CPU.ActiveCfg = Debug|Any CPU
		{90BB719C-3FF2-4FD4-8481-24F3E9D6DAA3}.Debug|Any CPU.Build.0 = Debug|Any CPU
		{90BB719C-3FF2-4FD4-8481-24F3E9D6DAA3}.Release|Any CPU.ActiveCfg = Release|Any CPU
		{90BB719C-3FF2-4FD4-8481-24F3E9D6DAA3}.Release|Any CPU.Build.0 = Release|Any CPU
	EndGlobalSection
	GlobalSection(SolutionProperties) = preSolution
		HideSolutionNode = FALSE
	EndGlobalSection
	GlobalSection(ExtensibilityGlobals) = postSolution
		SolutionGuid = {FA878A25-8730-4FF6-ABFD-3049D30F4B7D}
	EndGlobalSection
EndGlobal
