
Microsoft Visual Studio Solution File, Format Version 12.00
# Visual Studio Version 17
VisualStudioVersion = 17.3.32929.385
MinimumVisualStudioVersion = 10.0.40219.1
Project("{FAE04EC0-301F-11D3-BF4B-00C04F79EFBC}") = "Homework", "Homework\Homework.csproj", "{2A2CC79A-058B-43CE-BCC5-98C06AF425F5}"
EndProject
Global
	GlobalSection(SolutionConfigurationPlatforms) = preSolution
		Debug|Any CPU = Debug|Any CPU
		Release|Any CPU = Release|Any CPU
	EndGlobalSection
	GlobalSection(ProjectConfigurationPlatforms) = postSolution
		{2A2CC79A-058B-43CE-BCC5-98C06AF425F5}.Debug|Any CPU.ActiveCfg = Debug|Any CPU
		{2A2CC79A-058B-43CE-BCC5-98C06AF425F5}.Debug|Any CPU.Build.0 = Debug|Any CPU
		{2A2CC79A-058B-43CE-BCC5-98C06AF425F5}.Release|Any CPU.ActiveCfg = Release|Any CPU
		{2A2CC79A-058B-43CE-BCC5-98C06AF425F5}.Release|Any CPU.Build.0 = Release|Any CPU
	EndGlobalSection
	GlobalSection(SolutionProperties) = preSolution
		HideSolutionNode = FALSE
	EndGlobalSection
	GlobalSection(ExtensibilityGlobals) = postSolution
		SolutionGuid = {7832975F-7C43-4D73-A342-BFB5508A81AB}
	EndGlobalSection
EndGlobal
