
Microsoft Visual Studio Solution File, Format Version 12.00
# Visual Studio Version 17
VisualStudioVersion = 17.3.32929.385
MinimumVisualStudioVersion = 10.0.40219.1
Project("{FAE04EC0-301F-11D3-BF4B-00C04F79EFBC}") = "FactoryMethod", "FactoryMethod\FactoryMethod.csproj", "{2649C84D-0BC2-461B-8CE0-27997B1435B5}"
EndProject
Project("{FAE04EC0-301F-11D3-BF4B-00C04F79EFBC}") = "AbstractFactory", "AbstractFactory\AbstractFactory.csproj", "{9E78486A-91A4-4A7E-849D-1475BF2F492D}"
EndProject
Global
	GlobalSection(SolutionConfigurationPlatforms) = preSolution
		Debug|Any CPU = Debug|Any CPU
		Release|Any CPU = Release|Any CPU
	EndGlobalSection
	GlobalSection(ProjectConfigurationPlatforms) = postSolution
		{2649C84D-0BC2-461B-8CE0-27997B1435B5}.Debug|Any CPU.ActiveCfg = Debug|Any CPU
		{2649C84D-0BC2-461B-8CE0-27997B1435B5}.Debug|Any CPU.Build.0 = Debug|Any CPU
		{2649C84D-0BC2-461B-8CE0-27997B1435B5}.Release|Any CPU.ActiveCfg = Release|Any CPU
		{2649C84D-0BC2-461B-8CE0-27997B1435B5}.Release|Any CPU.Build.0 = Release|Any CPU
		{9E78486A-91A4-4A7E-849D-1475BF2F492D}.Debug|Any CPU.ActiveCfg = Debug|Any CPU
		{9E78486A-91A4-4A7E-849D-1475BF2F492D}.Debug|Any CPU.Build.0 = Debug|Any CPU
		{9E78486A-91A4-4A7E-849D-1475BF2F492D}.Release|Any CPU.ActiveCfg = Release|Any CPU
		{9E78486A-91A4-4A7E-849D-1475BF2F492D}.Release|Any CPU.Build.0 = Release|Any CPU
	EndGlobalSection
	GlobalSection(SolutionProperties) = preSolution
		HideSolutionNode = FALSE
	EndGlobalSection
	GlobalSection(ExtensibilityGlobals) = postSolution
		SolutionGuid = {98A7D5EC-2372-4940-93E2-E080B52F8AA7}
	EndGlobalSection
EndGlobal
