
Microsoft Visual Studio Solution File, Format Version 12.00
# Visual Studio Version 17
VisualStudioVersion = 17.3.32929.385
MinimumVisualStudioVersion = 10.0.40219.1
Project("{FAE04EC0-301F-11D3-BF4B-00C04F79EFBC}") = "Lesson4", "Lesson4\Lesson4.csproj", "{22E2E52A-848B-4507-B738-6CDCEF1E335A}"
EndProject
Global
	GlobalSection(SolutionConfigurationPlatforms) = preSolution
		Debug|Any CPU = Debug|Any CPU
		Release|Any CPU = Release|Any CPU
	EndGlobalSection
	GlobalSection(ProjectConfigurationPlatforms) = postSolution
		{22E2E52A-848B-4507-B738-6CDCEF1E335A}.Debug|Any CPU.ActiveCfg = Debug|Any CPU
		{22E2E52A-848B-4507-B738-6CDCEF1E335A}.Debug|Any CPU.Build.0 = Debug|Any CPU
		{22E2E52A-848B-4507-B738-6CDCEF1E335A}.Release|Any CPU.ActiveCfg = Release|Any CPU
		{22E2E52A-848B-4507-B738-6CDCEF1E335A}.Release|Any CPU.Build.0 = Release|Any CPU
	EndGlobalSection
	GlobalSection(SolutionProperties) = preSolution
		HideSolutionNode = FALSE
	EndGlobalSection
	GlobalSection(ExtensibilityGlobals) = postSolution
		SolutionGuid = {D941C09D-CADF-4F25-8BDB-ABD42FEA5290}
	EndGlobalSection
EndGlobal
