
Microsoft Visual Studio Solution File, Format Version 12.00
# Visual Studio Version 17
VisualStudioVersion = 17.6.33815.320
MinimumVisualStudioVersion = 10.0.40219.1
Project("{FAE04EC0-301F-11D3-BF4B-00C04F79EFBC}") = "ChainOfResponsibility", "ChainOfResponsibility\ChainOfResponsibility.csproj", "{D12E06DE-B790-40F4-A8E3-B3D5264474E0}"
EndProject
Global
	GlobalSection(SolutionConfigurationPlatforms) = preSolution
		Debug|Any CPU = Debug|Any CPU
		Release|Any CPU = Release|Any CPU
	EndGlobalSection
	GlobalSection(ProjectConfigurationPlatforms) = postSolution
		{D12E06DE-B790-40F4-A8E3-B3D5264474E0}.Debug|Any CPU.ActiveCfg = Debug|Any CPU
		{D12E06DE-B790-40F4-A8E3-B3D5264474E0}.Debug|Any CPU.Build.0 = Debug|Any CPU
		{D12E06DE-B790-40F4-A8E3-B3D5264474E0}.Release|Any CPU.ActiveCfg = Release|Any CPU
		{D12E06DE-B790-40F4-A8E3-B3D5264474E0}.Release|Any CPU.Build.0 = Release|Any CPU
	EndGlobalSection
	GlobalSection(SolutionProperties) = preSolution
		HideSolutionNode = FALSE
	EndGlobalSection
	GlobalSection(ExtensibilityGlobals) = postSolution
		SolutionGuid = {31F88B00-792D-414F-960D-F034FB1D804C}
	EndGlobalSection
EndGlobal
