
Microsoft Visual Studio Solution File, Format Version 12.00
# Visual Studio Version 17
VisualStudioVersion = 17.6.33815.320
MinimumVisualStudioVersion = 10.0.40219.1
Project("{FAE04EC0-301F-11D3-BF4B-00C04F79EFBC}") = "MyMiddleWebServer", "MyMiddleWebServer\MyMiddleWebServer.csproj", "{1163052F-5811-45EE-A318-19EE6B7F096C}"
EndProject
Global
	GlobalSection(SolutionConfigurationPlatforms) = preSolution
		Debug|Any CPU = Debug|Any CPU
		Release|Any CPU = Release|Any CPU
	EndGlobalSection
	GlobalSection(ProjectConfigurationPlatforms) = postSolution
		{1163052F-5811-45EE-A318-19EE6B7F096C}.Debug|Any CPU.ActiveCfg = Debug|Any CPU
		{1163052F-5811-45EE-A318-19EE6B7F096C}.Debug|Any CPU.Build.0 = Debug|Any CPU
		{1163052F-5811-45EE-A318-19EE6B7F096C}.Release|Any CPU.ActiveCfg = Release|Any CPU
		{1163052F-5811-45EE-A318-19EE6B7F096C}.Release|Any CPU.Build.0 = Release|Any CPU
	EndGlobalSection
	GlobalSection(SolutionProperties) = preSolution
		HideSolutionNode = FALSE
	EndGlobalSection
	GlobalSection(ExtensibilityGlobals) = postSolution
		SolutionGuid = {F9076A15-431A-4310-B94F-E189A4521126}
	EndGlobalSection
EndGlobal
