
Microsoft Visual Studio Solution File, Format Version 12.00
# Visual Studio Version 17
VisualStudioVersion = 17.8.34511.84
MinimumVisualStudioVersion = 10.0.40219.1
Project("{FAE04EC0-301F-11D3-BF4B-00C04F79EFBC}") = "JwtWithRefreshToken", "JwtWithRefreshToken\JwtWithRefreshToken.csproj", "{4B627E60-96ED-4090-A34C-96871CBED66A}"
EndProject
Global
	GlobalSection(SolutionConfigurationPlatforms) = preSolution
		Debug|Any CPU = Debug|Any CPU
		Release|Any CPU = Release|Any CPU
	EndGlobalSection
	GlobalSection(ProjectConfigurationPlatforms) = postSolution
		{4B627E60-96ED-4090-A34C-96871CBED66A}.Debug|Any CPU.ActiveCfg = Debug|Any CPU
		{4B627E60-96ED-4090-A34C-96871CBED66A}.Debug|Any CPU.Build.0 = Debug|Any CPU
		{4B627E60-96ED-4090-A34C-96871CBED66A}.Release|Any CPU.ActiveCfg = Release|Any CPU
		{4B627E60-96ED-4090-A34C-96871CBED66A}.Release|Any CPU.Build.0 = Release|Any CPU
	EndGlobalSection
	GlobalSection(SolutionProperties) = preSolution
		HideSolutionNode = FALSE
	EndGlobalSection
	GlobalSection(ExtensibilityGlobals) = postSolution
		SolutionGuid = {54CF5836-5CD5-41D4-BF39-EDA205607D35}
	EndGlobalSection
EndGlobal
