
Microsoft Visual Studio Solution File, Format Version 12.00
# Visual Studio Version 17
VisualStudioVersion = 17.8.34511.84
MinimumVisualStudioVersion = 10.0.40219.1
Project("{FAE04EC0-301F-11D3-BF4B-00C04F79EFBC}") = "Lesson13", "Lesson13\Lesson13.csproj", "{0451C768-A77F-42F5-9FF7-44CF015B78FA}"
EndProject
Global
	GlobalSection(SolutionConfigurationPlatforms) = preSolution
		Debug|Any CPU = Debug|Any CPU
		Release|Any CPU = Release|Any CPU
	EndGlobalSection
	GlobalSection(ProjectConfigurationPlatforms) = postSolution
		{0451C768-A77F-42F5-9FF7-44CF015B78FA}.Debug|Any CPU.ActiveCfg = Debug|Any CPU
		{0451C768-A77F-42F5-9FF7-44CF015B78FA}.Debug|Any CPU.Build.0 = Debug|Any CPU
		{0451C768-A77F-42F5-9FF7-44CF015B78FA}.Release|Any CPU.ActiveCfg = Release|Any CPU
		{0451C768-A77F-42F5-9FF7-44CF015B78FA}.Release|Any CPU.Build.0 = Release|Any CPU
	EndGlobalSection
	GlobalSection(SolutionProperties) = preSolution
		HideSolutionNode = FALSE
	EndGlobalSection
	GlobalSection(ExtensibilityGlobals) = postSolution
		SolutionGuid = {256D98CB-31D8-4C6B-B9AB-23E2392CA02F}
	EndGlobalSection
EndGlobal
